
Microsoft Visual Studio Solution File, Format Version 12.00
# Visual Studio Version 17
VisualStudioVersion = 17.4.33213.308
MinimumVisualStudioVersion = 10.0.40219.1
Project("{9A19103F-16F7-4668-BE54-9A1E7A4F7556}") = "QuanLy_QuanAn", "QuanLy_QuanAn\QuanLy_QuanAn.csproj", "{F26D45ED-2D64-4678-946D-D1BE7B487DBC}"
EndProject
Project("{9A19103F-16F7-4668-BE54-9A1E7A4F7556}") = "Web_QuanLy", "WebApplication1\Web_QuanLy.csproj", "{FCD0FF13-1B30-4B89-9DA7-200CEB0AB44D}"
EndProject
Global
	GlobalSection(SolutionConfigurationPlatforms) = preSolution
		Debug|Any CPU = Debug|Any CPU
		Release|Any CPU = Release|Any CPU
	EndGlobalSection
	GlobalSection(ProjectConfigurationPlatforms) = postSolution
		{F26D45ED-2D64-4678-946D-D1BE7B487DBC}.Debug|Any CPU.ActiveCfg = Debug|Any CPU
		{F26D45ED-2D64-4678-946D-D1BE7B487DBC}.Debug|Any CPU.Build.0 = Debug|Any CPU
		{F26D45ED-2D64-4678-946D-D1BE7B487DBC}.Release|Any CPU.ActiveCfg = Release|Any CPU
		{F26D45ED-2D64-4678-946D-D1BE7B487DBC}.Release|Any CPU.Build.0 = Release|Any CPU
		{FCD0FF13-1B30-4B89-9DA7-200CEB0AB44D}.Debug|Any CPU.ActiveCfg = Debug|Any CPU
		{FCD0FF13-1B30-4B89-9DA7-200CEB0AB44D}.Debug|Any CPU.Build.0 = Debug|Any CPU
		{FCD0FF13-1B30-4B89-9DA7-200CEB0AB44D}.Release|Any CPU.ActiveCfg = Release|Any CPU
		{FCD0FF13-1B30-4B89-9DA7-200CEB0AB44D}.Release|Any CPU.Build.0 = Release|Any CPU
	EndGlobalSection
	GlobalSection(SolutionProperties) = preSolution
		HideSolutionNode = FALSE
	EndGlobalSection
	GlobalSection(ExtensibilityGlobals) = postSolution
		SolutionGuid = {44AABC0D-525D-4744-93F5-2AD2039EE1E9}
	EndGlobalSection
EndGlobal
